
Microsoft Visual Studio Solution File, Format Version 12.00
# Visual Studio Version 17
VisualStudioVersion = 17.4.33403.182
MinimumVisualStudioVersion = 10.0.40219.1
Project("{9A19103F-16F7-4668-BE54-9A1E7A4F7556}") = "BelloEngine", "BelloEngine\BelloEngine.csproj", "{C62D2F00-E251-4967-B340-849C9AF65912}"
EndProject
Global
	GlobalSection(SolutionConfigurationPlatforms) = preSolution
		Debug|Any CPU = Debug|Any CPU
		Debug|x86 = Debug|x86
		Release|Any CPU = Release|Any CPU
		Release|x86 = Release|x86
	EndGlobalSection
	GlobalSection(ProjectConfigurationPlatforms) = postSolution
		{C62D2F00-E251-4967-B340-849C9AF65912}.Debug|Any CPU.ActiveCfg = Debug|Any CPU
		{C62D2F00-E251-4967-B340-849C9AF65912}.Debug|Any CPU.Build.0 = Debug|Any CPU
		{C62D2F00-E251-4967-B340-849C9AF65912}.Debug|x86.ActiveCfg = Debug|x86
		{C62D2F00-E251-4967-B340-849C9AF65912}.Debug|x86.Build.0 = Debug|x86
		{C62D2F00-E251-4967-B340-849C9AF65912}.Release|Any CPU.ActiveCfg = Release|Any CPU
		{C62D2F00-E251-4967-B340-849C9AF65912}.Release|Any CPU.Build.0 = Release|Any CPU
		{C62D2F00-E251-4967-B340-849C9AF65912}.Release|x86.ActiveCfg = Release|x86
		{C62D2F00-E251-4967-B340-849C9AF65912}.Release|x86.Build.0 = Release|x86
	EndGlobalSection
	GlobalSection(SolutionProperties) = preSolution
		HideSolutionNode = FALSE
	EndGlobalSection
	GlobalSection(ExtensibilityGlobals) = postSolution
		SolutionGuid = {3F503EB6-BDA6-4D04-B385-AEB73044DAE6}
	EndGlobalSection
EndGlobal
